
Microsoft Visual Studio Solution File, Format Version 12.00
# Visual Studio 15
VisualStudioVersion = 15.0.28307.757
MinimumVisualStudioVersion = 10.0.40219.1
Project("{FAE04EC0-301F-11D3-BF4B-00C04F79EFBC}") = "EgressMainClass", "EgressMainClass\EgressMainClass.csproj", "{4E4AD523-DCD1-4096-B24F-2AE4EEB8C08A}"
EndProject
Project("{FAE04EC0-301F-11D3-BF4B-00C04F79EFBC}") = "EgressTests", "EgressTests\EgressTests.csproj", "{00F221E8-E158-484C-BB9D-F3A12B42E375}"
EndProject
Global
	GlobalSection(SolutionConfigurationPlatforms) = preSolution
		Debug|Any CPU = Debug|Any CPU
		Release|Any CPU = Release|Any CPU
	EndGlobalSection
	GlobalSection(ProjectConfigurationPlatforms) = postSolution
		{4E4AD523-DCD1-4096-B24F-2AE4EEB8C08A}.Debug|Any CPU.ActiveCfg = Debug|Any CPU
		{4E4AD523-DCD1-4096-B24F-2AE4EEB8C08A}.Debug|Any CPU.Build.0 = Debug|Any CPU
		{4E4AD523-DCD1-4096-B24F-2AE4EEB8C08A}.Release|Any CPU.ActiveCfg = Release|Any CPU
		{4E4AD523-DCD1-4096-B24F-2AE4EEB8C08A}.Release|Any CPU.Build.0 = Release|Any CPU
		{00F221E8-E158-484C-BB9D-F3A12B42E375}.Debug|Any CPU.ActiveCfg = Debug|Any CPU
		{00F221E8-E158-484C-BB9D-F3A12B42E375}.Debug|Any CPU.Build.0 = Debug|Any CPU
		{00F221E8-E158-484C-BB9D-F3A12B42E375}.Release|Any CPU.ActiveCfg = Release|Any CPU
		{00F221E8-E158-484C-BB9D-F3A12B42E375}.Release|Any CPU.Build.0 = Release|Any CPU
	EndGlobalSection
	GlobalSection(SolutionProperties) = preSolution
		HideSolutionNode = FALSE
	EndGlobalSection
	GlobalSection(ExtensibilityGlobals) = postSolution
		SolutionGuid = {E0E8D27E-DD51-40A6-8742-C914E4B17755}
	EndGlobalSection
EndGlobal
